Microsoft Visual Studio Solution File, Format Version 12.00
# Visual Studio Version 17
VisualStudioVersion = 17.11.35312.102
MinimumVisualStudioVersion = 10.0.40219.1
Project("{FAE04EC0-301F-11D3-BF4B-00C04F79EFBC}") = "KliensApp", "KliensApp\KliensApp.csproj", "{F1DB8FBD-9855-4384-8F4D-102B9E079600}"
EndProject
Project("{FAE04EC0-301F-11D3-BF4B-00C04F79EFBC}") = "KliensApp.UnitTests", "KliensApp.UnitTests\KliensApp.UnitTests.csproj", "{40A4A031-F50A-482A-AFC9-6CDFAF6730AE}"
EndProject
Project("{FAE04EC0-301F-11D3-BF4B-00C04F79EFBC}") = "KLiensApp2", "KLiensApp2\KLiensApp2.csproj", "{E8C05095-1C7E-4517-BF6F-048B10A37AC4}"
EndProject
Project("{FAE04EC0-301F-11D3-BF4B-00C04F79EFBC}") = "KLiensApp2.UnitTests", "KLiensApp2.UnitTests\KLiensApp2.UnitTests.csproj", "{21B14B39-F92A-4995-B04F-B4972A1F2E84}"
EndProject
Global
	GlobalSection(SolutionConfigurationPlatforms) = preSolution
		Debug|Any CPU = Debug|Any CPU
		Release|Any CPU = Release|Any CPU
	EndGlobalSection
	GlobalSection(ProjectConfigurationPlatforms) = postSolution
		{F1DB8FBD-9855-4384-8F4D-102B9E079600}.Debug|Any CPU.ActiveCfg = Debug|Any CPU
		{F1DB8FBD-9855-4384-8F4D-102B9E079600}.Debug|Any CPU.Build.0 = Debug|Any CPU
		{F1DB8FBD-9855-4384-8F4D-102B9E079600}.Release|Any CPU.ActiveCfg = Release|Any CPU
		{F1DB8FBD-9855-4384-8F4D-102B9E079600}.Release|Any CPU.Build.0 = Release|Any CPU
		{40A4A031-F50A-482A-AFC9-6CDFAF6730AE}.Debug|Any CPU.ActiveCfg = Debug|Any CPU
		{40A4A031-F50A-482A-AFC9-6CDFAF6730AE}.Debug|Any CPU.Build.0 = Debug|Any CPU
		{40A4A031-F50A-482A-AFC9-6CDFAF6730AE}.Release|Any CPU.ActiveCfg = Release|Any CPU
		{40A4A031-F50A-482A-AFC9-6CDFAF6730AE}.Release|Any CPU.Build.0 = Release|Any CPU
		{E8C05095-1C7E-4517-BF6F-048B10A37AC4}.Debug|Any CPU.ActiveCfg = Debug|Any CPU
		{E8C05095-1C7E-4517-BF6F-048B10A37AC4}.Debug|Any CPU.Build.0 = Debug|Any CPU
		{E8C05095-1C7E-4517-BF6F-048B10A37AC4}.Release|Any CPU.ActiveCfg = Release|Any CPU
		{E8C05095-1C7E-4517-BF6F-048B10A37AC4}.Release|Any CPU.Build.0 = Release|Any CPU
		{21B14B39-F92A-4995-B04F-B4972A1F2E84}.Debug|Any CPU.ActiveCfg = Debug|Any CPU
		{21B14B39-F92A-4995-B04F-B4972A1F2E84}.Debug|Any CPU.Build.0 = Debug|Any CPU
		{21B14B39-F92A-4995-B04F-B4972A1F2E84}.Release|Any CPU.ActiveCfg = Release|Any CPU
		{21B14B39-F92A-4995-B04F-B4972A1F2E84}.Release|Any CPU.Build.0 = Release|Any CPU
	EndGlobalSection
	GlobalSection(SolutionProperties) = preSolution
		HideSolutionNode = FALSE
	EndGlobalSection
	GlobalSection(ExtensibilityGlobals) = postSolution
		SolutionGuid = {CD7695AB-1BE5-4375-A0F3-710C528AFA04}
	EndGlobalSection
EndGlobal
